PODS:
  - IP-UIKit-Wisdom (0.0.10)
  - RxCocoa (4.0.0-beta.1):
    - RxSwift (~> 4.0.0-beta.1)
  - RxSwift (4.0.0-beta.1)
  - RxTest (4.0.0-beta.1):
    - RxSwift (~> 4.0.0-beta.1)

DEPENDENCIES:
  - IP-UIKit-Wisdom
  - RxCocoa (~> 4.0.0-beta.1)
  - RxSwift (~> 4.0.0-beta.1)
  - RxTest (~> 4.0.0-beta.1)

SPEC CHECKSUMS:
  IP-UIKit-Wisdom: b395a065344071b33659e5f6b918043a97c48a44
  RxCocoa: ca6cc0f4453145d90002d80df8f9c83dd8fb7338
  RxSwift: 29f07e0e72cc5b40f146c64cc520ea6a6a0c73e9
  RxTest: 56fcfdb52108edb20eea5ed662a3cdd6c6f55b3f

PODFILE CHECKSUM: 9f73c5139ca6fc1388ea99d6cd21e12e9aed96e2

COCOAPODS: 1.3.1
