PODS:
  - IP-UIKit-Wisdom (0.0.10)
  - RxCocoa (4.5.0):
    - RxSwift (>= 4.4.2, ~> 4.4)
  - RxSwift (4.5.0)
  - RxTest (4.5.0):
    - RxSwift (>= 4.4.2, ~> 4.4)

DEPENDENCIES:
  - IP-UIKit-Wisdom
  - RxCocoa (~> 4.5)
  - RxSwift (~> 4.5)
  - RxTest (~> 4.5)

SPEC REPOS:
  https://github.com/cocoapods/specs.git:
    - IP-UIKit-Wisdom
    - RxCocoa
    - RxSwift
    - RxTest

SPEC CHECKSUMS:
  IP-UIKit-Wisdom: b395a065344071b33659e5f6b918043a97c48a44
  RxCocoa: cbf70265dc65a981d4ac982e513c10cf23df24a0
  RxSwift: f172070dfd1a93d70a9ab97a5a01166206e1c575
  RxTest: 3ccb66bfbace0bf7df1c43a7c75d046f8ce60372

PODFILE CHECKSUM: afd51654925ed213b6b02f072f7fa09392e041f0

COCOAPODS: 1.6.1
