PODS:
  - IP-UIKit-Wisdom (0.0.9)
  - RxCocoa (3.0.0-beta.2):
    - RxSwift (~> 3.0.0-beta.2)
  - RxSwift (3.0.0-beta.2)

DEPENDENCIES:
  - IP-UIKit-Wisdom
  - RxCocoa (~> 3.0.0-beta.2)
  - RxSwift (~> 3.0.0-beta.2)

SPEC CHECKSUMS:
  IP-UIKit-Wisdom: cd9838571e97427a0c61c05d856eaaca9afd7c1a
  RxCocoa: 1dd105d8a4e18034ccd7bd6d136445363ce67c8e
  RxSwift: 0ea939d7d97cb70657190ffde8dc2a9b455778fc

PODFILE CHECKSUM: 2bfd837187f1f7fb6440b6bf36db8dda31ef7394

COCOAPODS: 1.1.0.rc.2
