// !$*UTF8*$!
{
	archiveVersion = 1;
	classes = {
	};
	objectVersion = 46;
	objects = {

/* Begin PBXBuildFile section */
		1C0438C41C751F2100069CE1 /* BasicVerticalGradientLayer.swift in Sources */ = {isa = PBXBuildFile; fileRef = 1C0438C31C751F2100069CE1 /* BasicVerticalGradientLayer.swift */; };
		1C2B1F1E1C690B6B006672D7 /* NSMutableAttributedString+Format.swift in Sources */ = {isa = PBXBuildFile; fileRef = 1C2B1F1D1C690B6B006672D7 /* NSMutableAttributedString+Format.swift */; };
		1C2B1F201C690F44006672D7 /* String+NSRange.swift in Sources */ = {isa = PBXBuildFile; fileRef = 1C2B1F1F1C690F44006672D7 /* String+NSRange.swift */; };
		1C466C8F1C6E7A4500A709E8 /* CollectionTypeTests.swift in Sources */ = {isa = PBXBuildFile; fileRef = 1C466C8E1C6E7A4500A709E8 /* CollectionTypeTests.swift */; };
		1CE3D0681C6E61A500FB676C /* Mathable.swift in Sources */ = {isa = PBXBuildFile; fileRef = 1CE3D0671C6E61A500FB676C /* Mathable.swift */; };
		1CE3D06B1C6E635F00FB676C /* MathableTests.swift in Sources */ = {isa = PBXBuildFile; fileRef = 1CE3D0691C6E628800FB676C /* MathableTests.swift */; };
		8002059E1BF683E0005852C9 /* Result.swift in Sources */ = {isa = PBXBuildFile; fileRef = 8002059D1BF683E0005852C9 /* Result.swift */; };
		800205A21BF684C7005852C9 /* NSDate+Comparable.swift in Sources */ = {isa = PBXBuildFile; fileRef = 800205A11BF684C7005852C9 /* NSDate+Comparable.swift */; };
		800205A41BF684D1005852C9 /* TimeOfDay.swift in Sources */ = {isa = PBXBuildFile; fileRef = 800205A31BF684D1005852C9 /* TimeOfDay.swift */; };
		800205A91BF82E5F005852C9 /* SoundFile.swift in Sources */ = {isa = PBXBuildFile; fileRef = 800205A81BF82E5F005852C9 /* SoundFile.swift */; };
		80232BA81BF2EE2E00818B6E /* Main.storyboard in Resources */ = {isa = PBXBuildFile; fileRef = 80232BA61BF2EE2E00818B6E /* Main.storyboard */; };
		80232BAA1BF2EE2E00818B6E /* Assets.xcassets in Resources */ = {isa = PBXBuildFile; fileRef = 80232BA91BF2EE2E00818B6E /* Assets.xcassets */; };
		80232BAD1BF2EE2E00818B6E /* LaunchScreen.storyboard in Resources */ = {isa = PBXBuildFile; fileRef = 80232BAB1BF2EE2E00818B6E /* LaunchScreen.storyboard */; };
		80232BB81BF2EE2E00818B6E /* SwiftWisdomTests.swift in Sources */ = {isa = PBXBuildFile; fileRef = 80232BB71BF2EE2E00818B6E /* SwiftWisdomTests.swift */; };
		80232BFE1BF2F1BD00818B6E /* After.swift in Sources */ = {isa = PBXBuildFile; fileRef = 80232BE61BF2F1BD00818B6E /* After.swift */; };
		80232BFF1BF2F1BD00818B6E /* Qu.swift in Sources */ = {isa = PBXBuildFile; fileRef = 80232BE81BF2F1BD00818B6E /* Qu.swift */; };
		80232C001BF2F1BD00818B6E /* ColorDescriptor.swift in Sources */ = {isa = PBXBuildFile; fileRef = 80232BEA1BF2F1BD00818B6E /* ColorDescriptor.swift */; };
		80232C011BF2F1BD00818B6E /* Defaults.swift in Sources */ = {isa = PBXBuildFile; fileRef = 80232BEC1BF2F1BD00818B6E /* Defaults.swift */; };
		80232C031BF2F1BD00818B6E /* Geometry.swift in Sources */ = {isa = PBXBuildFile; fileRef = 80232BEF1BF2F1BD00818B6E /* Geometry.swift */; };
		80232C041BF2F1BD00818B6E /* Array+Utilities.swift in Sources */ = {isa = PBXBuildFile; fileRef = 80232BF21BF2F1BD00818B6E /* Array+Utilities.swift */; };
		80232C051BF2F1BD00818B6E /* Dictionary+KeyPaths.swift in Sources */ = {isa = PBXBuildFile; fileRef = 80232BF41BF2F1BD00818B6E /* Dictionary+KeyPaths.swift */; };
		80232C061BF2F1BD00818B6E /* Set+Utilities.swift in Sources */ = {isa = PBXBuildFile; fileRef = 80232BF61BF2F1BD00818B6E /* Set+Utilities.swift */; };
		80232C071BF2F1BD00818B6E /* String+Substrings.swift in Sources */ = {isa = PBXBuildFile; fileRef = 80232BF81BF2F1BD00818B6E /* String+Substrings.swift */; };
		80232C081BF2F1BD00818B6E /* CellConfiguring.swift in Sources */ = {isa = PBXBuildFile; fileRef = 80232BFA1BF2F1BD00818B6E /* CellConfiguring.swift */; };
		80232C091BF2F1BD00818B6E /* UIColor+Hex.swift in Sources */ = {isa = PBXBuildFile; fileRef = 80232BFB1BF2F1BD00818B6E /* UIColor+Hex.swift */; };
		80232C0A1BF2F1BD00818B6E /* UIView+GetConstraints.swift in Sources */ = {isa = PBXBuildFile; fileRef = 80232BFC1BF2F1BD00818B6E /* UIView+GetConstraints.swift */; };
		80232C0B1BF2F1BD00818B6E /* UIView+Nib.swift in Sources */ = {isa = PBXBuildFile; fileRef = 80232BFD1BF2F1BD00818B6E /* UIView+Nib.swift */; };
		80232C0D1BF2FAA100818B6E /* AppDelegate.swift in Sources */ = {isa = PBXBuildFile; fileRef = 80232BA21BF2EE2E00818B6E /* AppDelegate.swift */; };
		80232C0F1BF2FB3800818B6E /* ViewController.swift in Sources */ = {isa = PBXBuildFile; fileRef = 80232BA41BF2EE2E00818B6E /* ViewController.swift */; };
		802C4BAF1C1A1C0200C69D80 /* PercentAnimator.swift in Sources */ = {isa = PBXBuildFile; fileRef = 802C4BAE1C1A1C0200C69D80 /* PercentAnimator.swift */; };
		802C4BB41C1B6E4600C69D80 /* Downloader.swift in Sources */ = {isa = PBXBuildFile; fileRef = 802C4BB31C1B6E4600C69D80 /* Downloader.swift */; };
		802C4BB71C1B6F3700C69D80 /* DirectoryManager.swift in Sources */ = {isa = PBXBuildFile; fileRef = 802C4BB61C1B6F3700C69D80 /* DirectoryManager.swift */; };
		802C4BBA1C1B6F7C00C69D80 /* Version.swift in Sources */ = {isa = PBXBuildFile; fileRef = 802C4BB91C1B6F7C00C69D80 /* Version.swift */; };
		802C4BBD1C1B6FF300C69D80 /* TimeoutOperation.swift in Sources */ = {isa = PBXBuildFile; fileRef = 802C4BBC1C1B6FF300C69D80 /* TimeoutOperation.swift */; };
		805807DF1C5BEDE400F9AFB1 /* UIImage+ColorImage.swift in Sources */ = {isa = PBXBuildFile; fileRef = 805807DE1C5BEDE400F9AFB1 /* UIImage+ColorImage.swift */; };
		805807E11C5BEE2300F9AFB1 /* UIImage+Overlay.swift in Sources */ = {isa = PBXBuildFile; fileRef = 805807E01C5BEE2300F9AFB1 /* UIImage+Overlay.swift */; };
		805807E81C5D828500F9AFB1 /* VideoPlayer.swift in Sources */ = {isa = PBXBuildFile; fileRef = 805807E71C5D828500F9AFB1 /* VideoPlayer.swift */; };
		805807EA1C5D89C600F9AFB1 /* ColorDescriptorTests.swift in Sources */ = {isa = PBXBuildFile; fileRef = 805807E91C5D89C600F9AFB1 /* ColorDescriptorTests.swift */; };
		805807EC1C5D8B3C00F9AFB1 /* VersionTests.swift in Sources */ = {isa = PBXBuildFile; fileRef = 805807EB1C5D8B3C00F9AFB1 /* VersionTests.swift */; };
		805807EE1C5D8D9000F9AFB1 /* IntegerTypeTests.swift in Sources */ = {isa = PBXBuildFile; fileRef = 805807ED1C5D8D9000F9AFB1 /* IntegerTypeTests.swift */; };
		80D63D001C4F132E00C88D00 /* UIView+Geometry.swift in Sources */ = {isa = PBXBuildFile; fileRef = 80D63CFF1C4F132E00C88D00 /* UIView+Geometry.swift */; };
		80D63D021C4F16FE00C88D00 /* UIViewController+Nibs.swift in Sources */ = {isa = PBXBuildFile; fileRef = 80D63D011C4F16FE00C88D00 /* UIViewController+Nibs.swift */; };
		80D63D041C4F18FA00C88D00 /* String+Localization.swift in Sources */ = {isa = PBXBuildFile; fileRef = 80D63D031C4F18FA00C88D00 /* String+Localization.swift */; };
		80D63D061C4F1AC900C88D00 /* UIApplication+Extensions.swift in Sources */ = {isa = PBXBuildFile; fileRef = 80D63D051C4F1AC900C88D00 /* UIApplication+Extensions.swift */; };
		80D63D091C4F1D6F00C88D00 /* NSData+Extensions.swift in Sources */ = {isa = PBXBuildFile; fileRef = 80D63D081C4F1D6F00C88D00 /* NSData+Extensions.swift */; };
		80D63D0B1C4F1DF600C88D00 /* String+NSData.swift in Sources */ = {isa = PBXBuildFile; fileRef = 80D63D0A1C4F1DF600C88D00 /* String+NSData.swift */; };
		80D63D151C4F1F3E00C88D00 /* NSDataConversionTests.swift in Sources */ = {isa = PBXBuildFile; fileRef = 80D63D0F1C4F1F3E00C88D00 /* NSDataConversionTests.swift */; };
		80D63D161C4F1F3E00C88D00 /* NSDataSubdataTests.swift in Sources */ = {isa = PBXBuildFile; fileRef = 80D63D101C4F1F3E00C88D00 /* NSDataSubdataTests.swift */; };
		80D63D171C4F1F3E00C88D00 /* NSDataChunksTests.swift in Sources */ = {isa = PBXBuildFile; fileRef = 80D63D111C4F1F3E00C88D00 /* NSDataChunksTests.swift */; };
		80D63D181C4F1F3E00C88D00 /* NSDataSegmentGeneratorTests.swift in Sources */ = {isa = PBXBuildFile; fileRef = 80D63D121C4F1F3E00C88D00 /* NSDataSegmentGeneratorTests.swift */; };
		80D63D191C4F1F3E00C88D00 /* NSDataTrimTests.swift in Sources */ = {isa = PBXBuildFile; fileRef = 80D63D131C4F1F3E00C88D00 /* NSDataTrimTests.swift */; };
		80D63D1A1C4F1F3E00C88D00 /* NSMutableDataAppendTests.swift in Sources */ = {isa = PBXBuildFile; fileRef = 80D63D141C4F1F3E00C88D00 /* NSMutableDataAppendTests.swift */; };
		80D63D201C4F224500C88D00 /* mock_firmware_update.dfu in Resources */ = {isa = PBXBuildFile; fileRef = 80D63D1F1C4F224500C88D00 /* mock_firmware_update.dfu */; };
		80D63D221C4F22B800C88D00 /* BitMaskTests.swift in Sources */ = {isa = PBXBuildFile; fileRef = 80D63D211C4F22B800C88D00 /* BitMaskTests.swift */; };
		80D63D241C4F231C00C88D00 /* Synchronize.swift in Sources */ = {isa = PBXBuildFile; fileRef = 80D63D231C4F231C00C88D00 /* Synchronize.swift */; };
		80D63D261C4F236F00C88D00 /* Not.swift in Sources */ = {isa = PBXBuildFile; fileRef = 80D63D251C4F236F00C88D00 /* Not.swift */; };
		80D63D2D1C4F251E00C88D00 /* Bool+Extensions.swift in Sources */ = {isa = PBXBuildFile; fileRef = 80D63D2A1C4F251E00C88D00 /* Bool+Extensions.swift */; };
		80D63D2E1C4F251E00C88D00 /* Int+Extensions.swift in Sources */ = {isa = PBXBuildFile; fileRef = 80D63D2B1C4F251E00C88D00 /* Int+Extensions.swift */; };
		80D63D2F1C4F251E00C88D00 /* UnsignedInteger+Extensions.swift in Sources */ = {isa = PBXBuildFile; fileRef = 80D63D2C1C4F251E00C88D00 /* UnsignedInteger+Extensions.swift */; };
		92963E2C26083AFF019711F4 /* Pods.framework in Frameworks */ = {isa = PBXBuildFile; fileRef = 94555EC02E932CF736415F8E /* Pods.framework */; };
		FFCA61B01C8A1F1B00FD35A7 /* String+Empty.swift in Sources */ = {isa = PBXBuildFile; fileRef = FFCA61AF1C8A1F1B00FD35A7 /* String+Empty.swift */; };
		FFCA61B41C8A1F7C00FD35A7 /* StringTests.swift in Sources */ = {isa = PBXBuildFile; fileRef = FFCA61B31C8A1F7C00FD35A7 /* StringTests.swift */; };
		FFCA61B61C8A259100FD35A7 /* String+EmailValidation.swift in Sources */ = {isa = PBXBuildFile; fileRef = FFCA61B51C8A259100FD35A7 /* String+EmailValidation.swift */; };
/* End PBXBuildFile section */

/* Begin PBXContainerItemProxy section */
		80232BB41BF2EE2E00818B6E /* PBXContainerItemProxy */ = {
			isa = PBXContainerItemProxy;
			containerPortal = 80232B971BF2EE2E00818B6E /* Project object */;
			proxyType = 1;
			remoteGlobalIDString = 80232B9E1BF2EE2E00818B6E;
			remoteInfo = SwiftWisdom;
		};
/* End PBXContainerItemProxy section */

/* Begin PBXFileReference section */
		045F527FB87F6D21BDFC36F3 /* Pods.debug.xcconfig */ = {isa = PBXFileReference; includeInIndex = 1; lastKnownFileType = text.xcconfig; name = Pods.debug.xcconfig; path = "Pods/Target Support Files/Pods/Pods.debug.xcconfig"; sourceTree = "<group>"; };
		1C0438C31C751F2100069CE1 /* BasicVerticalGradientLayer.swift */ = {isa = PBXFileReference; fileEncoding = 4; lastKnownFileType = sourcecode.swift; path = BasicVerticalGradientLayer.swift; sourceTree = "<group>"; };
		1C2B1F1D1C690B6B006672D7 /* NSMutableAttributedString+Format.swift */ = {isa = PBXFileReference; fileEncoding = 4; lastKnownFileType = sourcecode.swift; path = "NSMutableAttributedString+Format.swift"; sourceTree = "<group>"; };
		1C2B1F1F1C690F44006672D7 /* String+NSRange.swift */ = {isa = PBXFileReference; fileEncoding = 4; lastKnownFileType = sourcecode.swift; path = "String+NSRange.swift"; sourceTree = "<group>"; };
		1C466C8E1C6E7A4500A709E8 /* CollectionTypeTests.swift */ = {isa = PBXFileReference; fileEncoding = 4; lastKnownFileType = sourcecode.swift; path = CollectionTypeTests.swift; sourceTree = "<group>"; };
		1CE3D0671C6E61A500FB676C /* Mathable.swift */ = {isa = PBXFileReference; fileEncoding = 4; lastKnownFileType = sourcecode.swift; path = Mathable.swift; sourceTree = "<group>"; };
		1CE3D0691C6E628800FB676C /* MathableTests.swift */ = {isa = PBXFileReference; fileEncoding = 4; lastKnownFileType = sourcecode.swift; name = MathableTests.swift; path = SwiftWisdomTests/MathableTests.swift; sourceTree = SOURCE_ROOT; };
		8002059D1BF683E0005852C9 /* Result.swift */ = {isa = PBXFileReference; fileEncoding = 4; lastKnownFileType = sourcecode.swift; name = Result.swift; path = CommonTypes/Result.swift; sourceTree = "<group>"; };
		800205A11BF684C7005852C9 /* NSDate+Comparable.swift */ = {isa = PBXFileReference; fileEncoding = 4; lastKnownFileType = sourcecode.swift; path = "NSDate+Comparable.swift"; sourceTree = "<group>"; };
		800205A31BF684D1005852C9 /* TimeOfDay.swift */ = {isa = PBXFileReference; fileEncoding = 4; lastKnownFileType = sourcecode.swift; path = TimeOfDay.swift; sourceTree = "<group>"; };
		800205A81BF82E5F005852C9 /* SoundFile.swift */ = {isa = PBXFileReference; fileEncoding = 4; lastKnownFileType = sourcecode.swift; name = SoundFile.swift; path = Sounds/SoundFile.swift; sourceTree = "<group>"; };
		80232B9F1BF2EE2E00818B6E /* SwiftWisdom.app */ = {isa = PBXFileReference; explicitFileType = wrapper.application; includeInIndex = 0; path = SwiftWisdom.app; sourceTree = BUILT_PRODUCTS_DIR; };
		80232BA21BF2EE2E00818B6E /* AppDelegate.swift */ = {isa = PBXFileReference; lastKnownFileType = sourcecode.swift; path = AppDelegate.swift; sourceTree = "<group>"; };
		80232BA41BF2EE2E00818B6E /* ViewController.swift */ = {isa = PBXFileReference; lastKnownFileType = sourcecode.swift; path = ViewController.swift; sourceTree = "<group>"; };
		80232BA71BF2EE2E00818B6E /* Base */ = {isa = PBXFileReference; lastKnownFileType = file.storyboard; name = Base; path = Base.lproj/Main.storyboard; sourceTree = "<group>"; };
		80232BA91BF2EE2E00818B6E /* Assets.xcassets */ = {isa = PBXFileReference; lastKnownFileType = folder.assetcatalog; path = Assets.xcassets; sourceTree = "<group>"; };
		80232BAC1BF2EE2E00818B6E /* Base */ = {isa = PBXFileReference; lastKnownFileType = file.storyboard; name = Base; path = Base.lproj/LaunchScreen.storyboard; sourceTree = "<group>"; };
		80232BAE1BF2EE2E00818B6E /* Info.plist */ = {isa = PBXFileReference; lastKnownFileType = text.plist.xml; path = Info.plist; sourceTree = "<group>"; };
		80232BB31BF2EE2E00818B6E /* SwiftWisdomTests.xctest */ = {isa = PBXFileReference; explicitFileType = wrapper.cfbundle; includeInIndex = 0; path = SwiftWisdomTests.xctest; sourceTree = BUILT_PRODUCTS_DIR; };
		80232BB71BF2EE2E00818B6E /* SwiftWisdomTests.swift */ = {isa = PBXFileReference; lastKnownFileType = sourcecode.swift; path = SwiftWisdomTests.swift; sourceTree = "<group>"; };
		80232BB91BF2EE2E00818B6E /* Info.plist */ = {isa = PBXFileReference; lastKnownFileType = text.plist.xml; path = Info.plist; sourceTree = "<group>"; };
		80232BE61BF2F1BD00818B6E /* After.swift */ = {isa = PBXFileReference; fileEncoding = 4; lastKnownFileType = sourcecode.swift; path = After.swift; sourceTree = "<group>"; };
		80232BE81BF2F1BD00818B6E /* Qu.swift */ = {isa = PBXFileReference; fileEncoding = 4; lastKnownFileType = sourcecode.swift; path = Qu.swift; sourceTree = "<group>"; };
		80232BEA1BF2F1BD00818B6E /* ColorDescriptor.swift */ = {isa = PBXFileReference; fileEncoding = 4; lastKnownFileType = sourcecode.swift; path = ColorDescriptor.swift; sourceTree = "<group>"; };
		80232BEC1BF2F1BD00818B6E /* Defaults.swift */ = {isa = PBXFileReference; fileEncoding = 4; lastKnownFileType = sourcecode.swift; path = Defaults.swift; sourceTree = "<group>"; };
		80232BEF1BF2F1BD00818B6E /* Geometry.swift */ = {isa = PBXFileReference; fileEncoding = 4; lastKnownFileType = sourcecode.swift; path = Geometry.swift; sourceTree = "<group>"; };
		80232BF21BF2F1BD00818B6E /* Array+Utilities.swift */ = {isa = PBXFileReference; fileEncoding = 4; lastKnownFileType = sourcecode.swift; path = "Array+Utilities.swift"; sourceTree = "<group>"; };
		80232BF41BF2F1BD00818B6E /* Dictionary+KeyPaths.swift */ = {isa = PBXFileReference; fileEncoding = 4; lastKnownFileType = sourcecode.swift; path = "Dictionary+KeyPaths.swift"; sourceTree = "<group>"; };
		80232BF61BF2F1BD00818B6E /* Set+Utilities.swift */ = {isa = PBXFileReference; fileEncoding = 4; lastKnownFileType = sourcecode.swift; path = "Set+Utilities.swift"; sourceTree = "<group>"; };
		80232BF81BF2F1BD00818B6E /* String+Substrings.swift */ = {isa = PBXFileReference; fileEncoding = 4; lastKnownFileType = sourcecode.swift; path = "String+Substrings.swift"; sourceTree = "<group>"; };
		80232BFA1BF2F1BD00818B6E /* CellConfiguring.swift */ = {isa = PBXFileReference; fileEncoding = 4; lastKnownFileType = sourcecode.swift; path = CellConfiguring.swift; sourceTree = "<group>"; };
		80232BFB1BF2F1BD00818B6E /* UIColor+Hex.swift */ = {isa = PBXFileReference; fileEncoding = 4; lastKnownFileType = sourcecode.swift; path = "UIColor+Hex.swift"; sourceTree = "<group>"; };
		80232BFC1BF2F1BD00818B6E /* UIView+GetConstraints.swift */ = {isa = PBXFileReference; fileEncoding = 4; lastKnownFileType = sourcecode.swift; path = "UIView+GetConstraints.swift"; sourceTree = "<group>"; };
		80232BFD1BF2F1BD00818B6E /* UIView+Nib.swift */ = {isa = PBXFileReference; fileEncoding = 4; lastKnownFileType = sourcecode.swift; path = "UIView+Nib.swift"; sourceTree = "<group>"; };
		802C4BAE1C1A1C0200C69D80 /* PercentAnimator.swift */ = {isa = PBXFileReference; fileEncoding = 4; lastKnownFileType = sourcecode.swift; path = PercentAnimator.swift; sourceTree = "<group>"; };
		802C4BB31C1B6E4600C69D80 /* Downloader.swift */ = {isa = PBXFileReference; fileEncoding = 4; lastKnownFileType = sourcecode.swift; path = Downloader.swift; sourceTree = "<group>"; };
		802C4BB61C1B6F3700C69D80 /* DirectoryManager.swift */ = {isa = PBXFileReference; fileEncoding = 4; lastKnownFileType = sourcecode.swift; path = DirectoryManager.swift; sourceTree = "<group>"; };
		802C4BB91C1B6F7C00C69D80 /* Version.swift */ = {isa = PBXFileReference; fileEncoding = 4; lastKnownFileType = sourcecode.swift; path = Version.swift; sourceTree = "<group>"; };
		802C4BBC1C1B6FF300C69D80 /* TimeoutOperation.swift */ = {isa = PBXFileReference; fileEncoding = 4; lastKnownFileType = sourcecode.swift; path = TimeoutOperation.swift; sourceTree = "<group>"; };
		805807DE1C5BEDE400F9AFB1 /* UIImage+ColorImage.swift */ = {isa = PBXFileReference; fileEncoding = 4; lastKnownFileType = sourcecode.swift; path = "UIImage+ColorImage.swift"; sourceTree = "<group>"; };
		805807E01C5BEE2300F9AFB1 /* UIImage+Overlay.swift */ = {isa = PBXFileReference; fileEncoding = 4; lastKnownFileType = sourcecode.swift; path = "UIImage+Overlay.swift"; sourceTree = "<group>"; };
		805807E71C5D828500F9AFB1 /* VideoPlayer.swift */ = {isa = PBXFileReference; fileEncoding = 4; lastKnownFileType = sourcecode.swift; path = VideoPlayer.swift; sourceTree = "<group>"; };
		805807E91C5D89C600F9AFB1 /* ColorDescriptorTests.swift */ = {isa = PBXFileReference; fileEncoding = 4; lastKnownFileType = sourcecode.swift; path = ColorDescriptorTests.swift; sourceTree = "<group>"; };
		805807EB1C5D8B3C00F9AFB1 /* VersionTests.swift */ = {isa = PBXFileReference; fileEncoding = 4; lastKnownFileType = sourcecode.swift; path = VersionTests.swift; sourceTree = "<group>"; };
		805807ED1C5D8D9000F9AFB1 /* IntegerTypeTests.swift */ = {isa = PBXFileReference; fileEncoding = 4; lastKnownFileType = sourcecode.swift; path = IntegerTypeTests.swift; sourceTree = "<group>"; };
		80D63CFF1C4F132E00C88D00 /* UIView+Geometry.swift */ = {isa = PBXFileReference; fileEncoding = 4; lastKnownFileType = sourcecode.swift; path = "UIView+Geometry.swift"; sourceTree = "<group>"; };
		80D63D011C4F16FE00C88D00 /* UIViewController+Nibs.swift */ = {isa = PBXFileReference; fileEncoding = 4; lastKnownFileType = sourcecode.swift; path = "UIViewController+Nibs.swift"; sourceTree = "<group>"; };
		80D63D031C4F18FA00C88D00 /* String+Localization.swift */ = {isa = PBXFileReference; fileEncoding = 4; lastKnownFileType = sourcecode.swift; path = "String+Localization.swift"; sourceTree = "<group>"; };
		80D63D051C4F1AC900C88D00 /* UIApplication+Extensions.swift */ = {isa = PBXFileReference; fileEncoding = 4; lastKnownFileType = sourcecode.swift; path = "UIApplication+Extensions.swift"; sourceTree = "<group>"; };
		80D63D081C4F1D6F00C88D00 /* NSData+Extensions.swift */ = {isa = PBXFileReference; fileEncoding = 4; lastKnownFileType = sourcecode.swift; path = "NSData+Extensions.swift"; sourceTree = "<group>"; };
		80D63D0A1C4F1DF600C88D00 /* String+NSData.swift */ = {isa = PBXFileReference; fileEncoding = 4; lastKnownFileType = sourcecode.swift; path = "String+NSData.swift"; sourceTree = "<group>"; };
		80D63D0F1C4F1F3E00C88D00 /* NSDataConversionTests.swift */ = {isa = PBXFileReference; fileEncoding = 4; lastKnownFileType = sourcecode.swift; path = NSDataConversionTests.swift; sourceTree = "<group>"; };
		80D63D101C4F1F3E00C88D00 /* NSDataSubdataTests.swift */ = {isa = PBXFileReference; fileEncoding = 4; lastKnownFileType = sourcecode.swift; path = NSDataSubdataTests.swift; sourceTree = "<group>"; };
		80D63D111C4F1F3E00C88D00 /* NSDataChunksTests.swift */ = {isa = PBXFileReference; fileEncoding = 4; lastKnownFileType = sourcecode.swift; path = NSDataChunksTests.swift; sourceTree = "<group>"; };
		80D63D121C4F1F3E00C88D00 /* NSDataSegmentGeneratorTests.swift */ = {isa = PBXFileReference; fileEncoding = 4; lastKnownFileType = sourcecode.swift; path = NSDataSegmentGeneratorTests.swift; sourceTree = "<group>"; };
		80D63D131C4F1F3E00C88D00 /* NSDataTrimTests.swift */ = {isa = PBXFileReference; fileEncoding = 4; lastKnownFileType = sourcecode.swift; path = NSDataTrimTests.swift; sourceTree = "<group>"; };
		80D63D141C4F1F3E00C88D00 /* NSMutableDataAppendTests.swift */ = {isa = PBXFileReference; fileEncoding = 4; lastKnownFileType = sourcecode.swift; path = NSMutableDataAppendTests.swift; sourceTree = "<group>"; };
		80D63D1F1C4F224500C88D00 /* mock_firmware_update.dfu */ = {isa = PBXFileReference; lastKnownFileType = file; path = mock_firmware_update.dfu; sourceTree = "<group>"; };
		80D63D211C4F22B800C88D00 /* BitMaskTests.swift */ = {isa = PBXFileReference; fileEncoding = 4; lastKnownFileType = sourcecode.swift; path = BitMaskTests.swift; sourceTree = "<group>"; };
		80D63D231C4F231C00C88D00 /* Synchronize.swift */ = {isa = PBXFileReference; fileEncoding = 4; lastKnownFileType = sourcecode.swift; path = Synchronize.swift; sourceTree = "<group>"; };
		80D63D251C4F236F00C88D00 /* Not.swift */ = {isa = PBXFileReference; fileEncoding = 4; lastKnownFileType = sourcecode.swift; path = Not.swift; sourceTree = "<group>"; };
		80D63D2A1C4F251E00C88D00 /* Bool+Extensions.swift */ = {isa = PBXFileReference; fileEncoding = 4; lastKnownFileType = sourcecode.swift; path = "Bool+Extensions.swift"; sourceTree = "<group>"; };
		80D63D2B1C4F251E00C88D00 /* Int+Extensions.swift */ = {isa = PBXFileReference; fileEncoding = 4; lastKnownFileType = sourcecode.swift; path = "Int+Extensions.swift"; sourceTree = "<group>"; };
		80D63D2C1C4F251E00C88D00 /* UnsignedInteger+Extensions.swift */ = {isa = PBXFileReference; fileEncoding = 4; lastKnownFileType = sourcecode.swift; path = "UnsignedInteger+Extensions.swift"; sourceTree = "<group>"; };
		94555EC02E932CF736415F8E /* Pods.framework */ = {isa = PBXFileReference; explicitFileType = wrapper.framework; includeInIndex = 0; path = Pods.framework; sourceTree = BUILT_PRODUCTS_DIR; };
		BBCCF1C7EA1A88308F10B504 /* Pods.release.xcconfig */ = {isa = PBXFileReference; includeInIndex = 1; lastKnownFileType = text.xcconfig; name = Pods.release.xcconfig; path = "Pods/Target Support Files/Pods/Pods.release.xcconfig"; sourceTree = "<group>"; };
		FFCA61AF1C8A1F1B00FD35A7 /* String+Empty.swift */ = {isa = PBXFileReference; fileEncoding = 4; lastKnownFileType = sourcecode.swift; path = "String+Empty.swift"; sourceTree = "<group>"; };
		FFCA61B31C8A1F7C00FD35A7 /* StringTests.swift */ = {isa = PBXFileReference; fileEncoding = 4; lastKnownFileType = sourcecode.swift; path = StringTests.swift; sourceTree = "<group>"; };
		FFCA61B51C8A259100FD35A7 /* String+EmailValidation.swift */ = {isa = PBXFileReference; fileEncoding = 4; lastKnownFileType = sourcecode.swift; path = "String+EmailValidation.swift"; sourceTree = "<group>"; };
/* End PBXFileReference section */

/* Begin PBXFrameworksBuildPhase section */
		80232B9C1BF2EE2E00818B6E /* Frameworks */ = {
			isa = PBXFrameworksBuildPhase;
			buildActionMask = 2147483647;
			files = (
				92963E2C26083AFF019711F4 /* Pods.framework in Frameworks */,
			);
			runOnlyForDeploymentPostprocessing = 0;
		};
		80232BB01BF2EE2E00818B6E /* Frameworks */ = {
			isa = PBXFrameworksBuildPhase;
			buildActionMask = 2147483647;
			files = (
			);
			runOnlyForDeploymentPostprocessing = 0;
		};
/* End PBXFrameworksBuildPhase section */

/* Begin PBXGroup section */
		1C0438C21C751EED00069CE1 /* CoreAnimation */ = {
			isa = PBXGroup;
			children = (
				1C0438C31C751F2100069CE1 /* BasicVerticalGradientLayer.swift */,
			);
			path = CoreAnimation;
			sourceTree = "<group>";
		};
		1C2B1F1C1C690B6B006672D7 /* NSAttribitedString */ = {
			isa = PBXGroup;
			children = (
				1C2B1F1D1C690B6B006672D7 /* NSMutableAttributedString+Format.swift */,
			);
			path = NSAttribitedString;
			sourceTree = "<group>";
		};
		22193FAF2DE34CE7F5012589 /* Frameworks */ = {
			isa = PBXGroup;
			children = (
				94555EC02E932CF736415F8E /* Pods.framework */,
			);
			name = Frameworks;
			sourceTree = "<group>";
		};
		6839DE403BFBE408479F801A /* Pods */ = {
			isa = PBXGroup;
			children = (
				045F527FB87F6D21BDFC36F3 /* Pods.debug.xcconfig */,
				BBCCF1C7EA1A88308F10B504 /* Pods.release.xcconfig */,
			);
			name = Pods;
			sourceTree = "<group>";
		};
		8002059C1BF683CB005852C9 /* CommonTypes */ = {
			isa = PBXGroup;
			children = (
				8002059D1BF683E0005852C9 /* Result.swift */,
			);
			name = CommonTypes;
			sourceTree = "<group>";
		};
		800205A01BF684C7005852C9 /* Time */ = {
			isa = PBXGroup;
			children = (
				800205A11BF684C7005852C9 /* NSDate+Comparable.swift */,
				800205A31BF684D1005852C9 /* TimeOfDay.swift */,
			);
			path = Time;
			sourceTree = "<group>";
		};
		800205A71BF82E4E005852C9 /* Sounds */ = {
			isa = PBXGroup;
			children = (
				800205A81BF82E5F005852C9 /* SoundFile.swift */,
			);
			name = Sounds;
			sourceTree = "<group>";
		};
		80232B961BF2EE2E00818B6E = {
			isa = PBXGroup;
			children = (
				80232BA11BF2EE2E00818B6E /* SwiftWisdom */,
				80232BB61BF2EE2E00818B6E /* SwiftWisdomTests */,
				80232BA01BF2EE2E00818B6E /* Products */,
				22193FAF2DE34CE7F5012589 /* Frameworks */,
				6839DE403BFBE408479F801A /* Pods */,
			);
			sourceTree = "<group>";
		};
		80232BA01BF2EE2E00818B6E /* Products */ = {
			isa = PBXGroup;
			children = (
				80232B9F1BF2EE2E00818B6E /* SwiftWisdom.app */,
				80232BB31BF2EE2E00818B6E /* SwiftWisdomTests.xctest */,
			);
			name = Products;
			sourceTree = "<group>";
		};
		80232BA11BF2EE2E00818B6E /* SwiftWisdom */ = {
			isa = PBXGroup;
			children = (
				80232BD11BF2F05500818B6E /* Core */,
				80232BA21BF2EE2E00818B6E /* AppDelegate.swift */,
				80232BA41BF2EE2E00818B6E /* ViewController.swift */,
				80232BA61BF2EE2E00818B6E /* Main.storyboard */,
				80232BA91BF2EE2E00818B6E /* Assets.xcassets */,
				80232BAB1BF2EE2E00818B6E /* LaunchScreen.storyboard */,
				80232BAE1BF2EE2E00818B6E /* Info.plist */,
			);
			path = SwiftWisdom;
			sourceTree = "<group>";
		};
		80232BB61BF2EE2E00818B6E /* SwiftWisdomTests */ = {
			isa = PBXGroup;
			children = (
				FFCA61B11C8A1F3B00FD35A7 /* StandardLibrary */,
				80232BB71BF2EE2E00818B6E /* SwiftWisdomTests.swift */,
				80D63D211C4F22B800C88D00 /* BitMaskTests.swift */,
				805807EB1C5D8B3C00F9AFB1 /* VersionTests.swift */,
				80D63D0F1C4F1F3E00C88D00 /* NSDataConversionTests.swift */,
				80D63D101C4F1F3E00C88D00 /* NSDataSubdataTests.swift */,
				80D63D111C4F1F3E00C88D00 /* NSDataChunksTests.swift */,
				80D63D121C4F1F3E00C88D00 /* NSDataSegmentGeneratorTests.swift */,
				80D63D131C4F1F3E00C88D00 /* NSDataTrimTests.swift */,
				80D63D141C4F1F3E00C88D00 /* NSMutableDataAppendTests.swift */,
				80232BB91BF2EE2E00818B6E /* Info.plist */,
				80D63D1F1C4F224500C88D00 /* mock_firmware_update.dfu */,
				805807E91C5D89C600F9AFB1 /* ColorDescriptorTests.swift */,
				805807ED1C5D8D9000F9AFB1 /* IntegerTypeTests.swift */,
				1CE3D0691C6E628800FB676C /* MathableTests.swift */,
				1C466C8E1C6E7A4500A709E8 /* CollectionTypeTests.swift */,
			);
			path = SwiftWisdomTests;
			sourceTree = "<group>";
		};
		80232BD11BF2F05500818B6E /* Core */ = {
			isa = PBXGroup;
			children = (
				802C4BBB1C1B6FE500C69D80 /* Timeout */,
				802C4BB81C1B6F7200C69D80 /* Version */,
				802C4BB51C1B6F2E00C69D80 /* DirectoryManager */,
				802C4BB21C1B6E3E00C69D80 /* Downloader */,
				800205A71BF82E4E005852C9 /* Sounds */,
				80232BE41BF2F1BD00818B6E /* Async */,
				80232BE91BF2F1BD00818B6E /* Colors */,
				8002059C1BF683CB005852C9 /* CommonTypes */,
				80232BEB1BF2F1BD00818B6E /* Foundation */,
				80D63D071C4F1D6100C88D00 /* NSData */,
				80232BEE1BF2F1BD00818B6E /* Geometry */,
				80232BF01BF2F1BD00818B6E /* StandardLibrary */,
				80232BF91BF2F1BD00818B6E /* UIKit */,
				805807E61C5D827000F9AFB1 /* Controls */,
			);
			path = Core;
			sourceTree = "<group>";
		};
		80232BE41BF2F1BD00818B6E /* Async */ = {
			isa = PBXGroup;
			children = (
				80232BE51BF2F1BD00818B6E /* After */,
				80232BE71BF2F1BD00818B6E /* Qu */,
			);
			path = Async;
			sourceTree = "<group>";
		};
		80232BE51BF2F1BD00818B6E /* After */ = {
			isa = PBXGroup;
			children = (
				80232BE61BF2F1BD00818B6E /* After.swift */,
			);
			path = After;
			sourceTree = "<group>";
		};
		80232BE71BF2F1BD00818B6E /* Qu */ = {
			isa = PBXGroup;
			children = (
				80232BE81BF2F1BD00818B6E /* Qu.swift */,
			);
			path = Qu;
			sourceTree = "<group>";
		};
		80232BE91BF2F1BD00818B6E /* Colors */ = {
			isa = PBXGroup;
			children = (
				80232BEA1BF2F1BD00818B6E /* ColorDescriptor.swift */,
			);
			path = Colors;
			sourceTree = "<group>";
		};
		80232BEB1BF2F1BD00818B6E /* Foundation */ = {
			isa = PBXGroup;
			children = (
				800205A01BF684C7005852C9 /* Time */,
				80232BEC1BF2F1BD00818B6E /* Defaults.swift */,
				80D63D231C4F231C00C88D00 /* Synchronize.swift */,
				80D63D251C4F236F00C88D00 /* Not.swift */,
			);
			path = Foundation;
			sourceTree = "<group>";
		};
		80232BEE1BF2F1BD00818B6E /* Geometry */ = {
			isa = PBXGroup;
			children = (
				80232BEF1BF2F1BD00818B6E /* Geometry.swift */,
			);
			path = Geometry;
			sourceTree = "<group>";
		};
		80232BF01BF2F1BD00818B6E /* StandardLibrary */ = {
			isa = PBXGroup;
			children = (
				80D63D291C4F251E00C88D00 /* Numbers */,
				80232BF11BF2F1BD00818B6E /* Array */,
				80232BF31BF2F1BD00818B6E /* Dictionary */,
				80232BF51BF2F1BD00818B6E /* Set */,
				80232BF71BF2F1BD00818B6E /* String */,
				1C2B1F1C1C690B6B006672D7 /* NSAttribitedString */,
			);
			path = StandardLibrary;
			sourceTree = "<group>";
		};
		80232BF11BF2F1BD00818B6E /* Array */ = {
			isa = PBXGroup;
			children = (
				80232BF21BF2F1BD00818B6E /* Array+Utilities.swift */,
			);
			path = Array;
			sourceTree = "<group>";
		};
		80232BF31BF2F1BD00818B6E /* Dictionary */ = {
			isa = PBXGroup;
			children = (
				80232BF41BF2F1BD00818B6E /* Dictionary+KeyPaths.swift */,
			);
			path = Dictionary;
			sourceTree = "<group>";
		};
		80232BF51BF2F1BD00818B6E /* Set */ = {
			isa = PBXGroup;
			children = (
				80232BF61BF2F1BD00818B6E /* Set+Utilities.swift */,
			);
			path = Set;
			sourceTree = "<group>";
		};
		80232BF71BF2F1BD00818B6E /* String */ = {
			isa = PBXGroup;
			children = (
				80232BF81BF2F1BD00818B6E /* String+Substrings.swift */,
				1C2B1F1F1C690F44006672D7 /* String+NSRange.swift */,
				80D63D031C4F18FA00C88D00 /* String+Localization.swift */,
				FFCA61AF1C8A1F1B00FD35A7 /* String+Empty.swift */,
				FFCA61B51C8A259100FD35A7 /* String+EmailValidation.swift */,
			);
			path = String;
			sourceTree = "<group>";
		};
		80232BF91BF2F1BD00818B6E /* UIKit */ = {
			isa = PBXGroup;
			children = (
				1C0438C21C751EED00069CE1 /* CoreAnimation */,
				802C4BAD1C1A1BF900C69D80 /* PercentAnimator */,
				80232BFA1BF2F1BD00818B6E /* CellConfiguring.swift */,
				80232BFB1BF2F1BD00818B6E /* UIColor+Hex.swift */,
				80232BFC1BF2F1BD00818B6E /* UIView+GetConstraints.swift */,
				80232BFD1BF2F1BD00818B6E /* UIView+Nib.swift */,
				80D63CFF1C4F132E00C88D00 /* UIView+Geometry.swift */,
				80D63D011C4F16FE00C88D00 /* UIViewController+Nibs.swift */,
				80D63D051C4F1AC900C88D00 /* UIApplication+Extensions.swift */,
				805807DE1C5BEDE400F9AFB1 /* UIImage+ColorImage.swift */,
				805807E01C5BEE2300F9AFB1 /* UIImage+Overlay.swift */,
			);
			path = UIKit;
			sourceTree = "<group>";
		};
		802C4BAD1C1A1BF900C69D80 /* PercentAnimator */ = {
			isa = PBXGroup;
			children = (
				802C4BAE1C1A1C0200C69D80 /* PercentAnimator.swift */,
			);
			path = PercentAnimator;
			sourceTree = "<group>";
		};
		802C4BB21C1B6E3E00C69D80 /* Downloader */ = {
			isa = PBXGroup;
			children = (
				802C4BB31C1B6E4600C69D80 /* Downloader.swift */,
			);
			path = Downloader;
			sourceTree = "<group>";
		};
		802C4BB51C1B6F2E00C69D80 /* DirectoryManager */ = {
			isa = PBXGroup;
			children = (
				802C4BB61C1B6F3700C69D80 /* DirectoryManager.swift */,
			);
			path = DirectoryManager;
			sourceTree = "<group>";
		};
		802C4BB81C1B6F7200C69D80 /* Version */ = {
			isa = PBXGroup;
			children = (
				802C4BB91C1B6F7C00C69D80 /* Version.swift */,
			);
			path = Version;
			sourceTree = "<group>";
		};
		802C4BBB1C1B6FE500C69D80 /* Timeout */ = {
			isa = PBXGroup;
			children = (
				802C4BBC1C1B6FF300C69D80 /* TimeoutOperation.swift */,
			);
			path = Timeout;
			sourceTree = "<group>";
		};
		805807E61C5D827000F9AFB1 /* Controls */ = {
			isa = PBXGroup;
			children = (
				805807E71C5D828500F9AFB1 /* VideoPlayer.swift */,
			);
			path = Controls;
			sourceTree = "<group>";
		};
		80D63D071C4F1D6100C88D00 /* NSData */ = {
			isa = PBXGroup;
			children = (
				80D63D081C4F1D6F00C88D00 /* NSData+Extensions.swift */,
				80D63D0A1C4F1DF600C88D00 /* String+NSData.swift */,
			);
			path = NSData;
			sourceTree = "<group>";
		};
		80D63D291C4F251E00C88D00 /* Numbers */ = {
			isa = PBXGroup;
			children = (
				80D63D2A1C4F251E00C88D00 /* Bool+Extensions.swift */,
				80D63D2B1C4F251E00C88D00 /* Int+Extensions.swift */,
				80D63D2C1C4F251E00C88D00 /* UnsignedInteger+Extensions.swift */,
				1CE3D0671C6E61A500FB676C /* Mathable.swift */,
			);
			path = Numbers;
			sourceTree = "<group>";
		};
		FFCA61B11C8A1F3B00FD35A7 /* StandardLibrary */ = {
			isa = PBXGroup;
			children = (
				FFCA61B31C8A1F7C00FD35A7 /* StringTests.swift */,
			);
			path = StandardLibrary;
			sourceTree = "<group>";
		};
/* End PBXGroup section */

/* Begin PBXNativeTarget section */
		80232B9E1BF2EE2E00818B6E /* SwiftWisdom */ = {
			isa = PBXNativeTarget;
			buildConfigurationList = 80232BC71BF2EE2E00818B6E /* Build configuration list for PBXNativeTarget "SwiftWisdom" */;
			buildPhases = (
				C870EFFC951BFB3182EF5126 /* Check Pods Manifest.lock */,
				80232B9B1BF2EE2E00818B6E /* Sources */,
				80232B9C1BF2EE2E00818B6E /* Frameworks */,
				80232B9D1BF2EE2E00818B6E /* Resources */,
				9A1B03B8C9D2B525E066F8AA /* Embed Pods Frameworks */,
				D7FE8601F9C058C38C034313 /* Copy Pods Resources */,
			);
			buildRules = (
			);
			dependencies = (
			);
			name = SwiftWisdom;
			productName = SwiftWisdom;
			productReference = 80232B9F1BF2EE2E00818B6E /* SwiftWisdom.app */;
			productType = "com.apple.product-type.application";
		};
		80232BB21BF2EE2E00818B6E /* SwiftWisdomTests */ = {
			isa = PBXNativeTarget;
			buildConfigurationList = 80232BCA1BF2EE2E00818B6E /* Build configuration list for PBXNativeTarget "SwiftWisdomTests" */;
			buildPhases = (
				80232BAF1BF2EE2E00818B6E /* Sources */,
				80232BB01BF2EE2E00818B6E /* Frameworks */,
				80232BB11BF2EE2E00818B6E /* Resources */,
			);
			buildRules = (
			);
			dependencies = (
				80232BB51BF2EE2E00818B6E /* PBXTargetDependency */,
			);
			name = SwiftWisdomTests;
			productName = SwiftWisdomTests;
			productReference = 80232BB31BF2EE2E00818B6E /* SwiftWisdomTests.xctest */;
			productType = "com.apple.product-type.bundle.unit-test";
		};
/* End PBXNativeTarget section */

/* Begin PBXProject section */
		80232B971BF2EE2E00818B6E /* Project object */ = {
			isa = PBXProject;
			attributes = {
				LastSwiftUpdateCheck = 0710;
				LastUpgradeCheck = 0710;
				ORGANIZATIONNAME = Intrepid;
				TargetAttributes = {
					80232B9E1BF2EE2E00818B6E = {
						CreatedOnToolsVersion = 7.1;
					};
					80232BB21BF2EE2E00818B6E = {
						CreatedOnToolsVersion = 7.1;
						TestTargetID = 80232B9E1BF2EE2E00818B6E;
					};
				};
			};
			buildConfigurationList = 80232B9A1BF2EE2E00818B6E /* Build configuration list for PBXProject "SwiftWisdom" */;
			compatibilityVersion = "Xcode 3.2";
			developmentRegion = English;
			hasScannedForEncodings = 0;
			knownRegions = (
				en,
				Base,
			);
			mainGroup = 80232B961BF2EE2E00818B6E;
			productRefGroup = 80232BA01BF2EE2E00818B6E /* Products */;
			projectDirPath = "";
			projectRoot = "";
			targets = (
				80232B9E1BF2EE2E00818B6E /* SwiftWisdom */,
				80232BB21BF2EE2E00818B6E /* SwiftWisdomTests */,
			);
		};
/* End PBXProject section */

/* Begin PBXResourcesBuildPhase section */
		80232B9D1BF2EE2E00818B6E /* Resources */ = {
			isa = PBXResourcesBuildPhase;
			buildActionMask = 2147483647;
			files = (
				80232BAD1BF2EE2E00818B6E /* LaunchScreen.storyboard in Resources */,
				80232BAA1BF2EE2E00818B6E /* Assets.xcassets in Resources */,
				80232BA81BF2EE2E00818B6E /* Main.storyboard in Resources */,
			);
			runOnlyForDeploymentPostprocessing = 0;
		};
		80232BB11BF2EE2E00818B6E /* Resources */ = {
			isa = PBXResourcesBuildPhase;
			buildActionMask = 2147483647;
			files = (
				80D63D201C4F224500C88D00 /* mock_firmware_update.dfu in Resources */,
			);
			runOnlyForDeploymentPostprocessing = 0;
		};
/* End PBXResourcesBuildPhase section */

/* Begin PBXShellScriptBuildPhase section */
		9A1B03B8C9D2B525E066F8AA /* Embed Pods Frameworks */ = {
			isa = PBXShellScriptBuildPhase;
			buildActionMask = 2147483647;
			files = (
			);
			inputPaths = (
			);
			name = "Embed Pods Frameworks";
			outputPaths = (
			);
			runOnlyForDeploymentPostprocessing = 0;
			shellPath = /bin/sh;
			shellScript = "\"${SRCROOT}/Pods/Target Support Files/Pods/Pods-frameworks.sh\"\n";
			showEnvVarsInLog = 0;
		};
		C870EFFC951BFB3182EF5126 /* Check Pods Manifest.lock */ = {
			isa = PBXShellScriptBuildPhase;
			buildActionMask = 2147483647;
			files = (
			);
			inputPaths = (
			);
			name = "Check Pods Manifest.lock";
			outputPaths = (
			);
			runOnlyForDeploymentPostprocessing = 0;
			shellPath = /bin/sh;
			shellScript = "diff \"${PODS_ROOT}/../Podfile.lock\" \"${PODS_ROOT}/Manifest.lock\" > /dev/null\nif [[ $? != 0 ]] ; then\n    cat << EOM\nerror: The sandbox is not in sync with the Podfile.lock. Run 'pod install' or update your CocoaPods installation.\nEOM\n    exit 1\nfi\n";
			showEnvVarsInLog = 0;
		};
		D7FE8601F9C058C38C034313 /* Copy Pods Resources */ = {
			isa = PBXShellScriptBuildPhase;
			buildActionMask = 2147483647;
			files = (
			);
			inputPaths = (
			);
			name = "Copy Pods Resources";
			outputPaths = (
			);
			runOnlyForDeploymentPostprocessing = 0;
			shellPath = /bin/sh;
			shellScript = "\"${SRCROOT}/Pods/Target Support Files/Pods/Pods-resources.sh\"\n";
			showEnvVarsInLog = 0;
		};
/* End PBXShellScriptBuildPhase section */

/* Begin PBXSourcesBuildPhase section */
		80232B9B1BF2EE2E00818B6E /* Sources */ = {
			isa = PBXSourcesBuildPhase;
			buildActionMask = 2147483647;
			files = (
				805807E81C5D828500F9AFB1 /* VideoPlayer.swift in Sources */,
				1CE3D0681C6E61A500FB676C /* Mathable.swift in Sources */,
				800205A41BF684D1005852C9 /* TimeOfDay.swift in Sources */,
				80232C071BF2F1BD00818B6E /* String+Substrings.swift in Sources */,
				80232C081BF2F1BD00818B6E /* CellConfiguring.swift in Sources */,
				80D63D2E1C4F251E00C88D00 /* Int+Extensions.swift in Sources */,
				80D63D091C4F1D6F00C88D00 /* NSData+Extensions.swift in Sources */,
				80D63D241C4F231C00C88D00 /* Synchronize.swift in Sources */,
				80232BFE1BF2F1BD00818B6E /* After.swift in Sources */,
				80232C0D1BF2FAA100818B6E /* AppDelegate.swift in Sources */,
				80232BFF1BF2F1BD00818B6E /* Qu.swift in Sources */,
				805807DF1C5BEDE400F9AFB1 /* UIImage+ColorImage.swift in Sources */,
				802C4BBA1C1B6F7C00C69D80 /* Version.swift in Sources */,
				80232C051BF2F1BD00818B6E /* Dictionary+KeyPaths.swift in Sources */,
				805807E11C5BEE2300F9AFB1 /* UIImage+Overlay.swift in Sources */,
				802C4BB71C1B6F3700C69D80 /* DirectoryManager.swift in Sources */,
				1C2B1F201C690F44006672D7 /* String+NSRange.swift in Sources */,
				80232C091BF2F1BD00818B6E /* UIColor+Hex.swift in Sources */,
				80D63D021C4F16FE00C88D00 /* UIViewController+Nibs.swift in Sources */,
				802C4BB41C1B6E4600C69D80 /* Downloader.swift in Sources */,
				80D63D261C4F236F00C88D00 /* Not.swift in Sources */,
				80D63D041C4F18FA00C88D00 /* String+Localization.swift in Sources */,
				802C4BAF1C1A1C0200C69D80 /* PercentAnimator.swift in Sources */,
				1C2B1F1E1C690B6B006672D7 /* NSMutableAttributedString+Format.swift in Sources */,
				80D63D061C4F1AC900C88D00 /* UIApplication+Extensions.swift in Sources */,
				80232C0B1BF2F1BD00818B6E /* UIView+Nib.swift in Sources */,
				80D63D001C4F132E00C88D00 /* UIView+Geometry.swift in Sources */,
				80D63D2D1C4F251E00C88D00 /* Bool+Extensions.swift in Sources */,
				80232C011BF2F1BD00818B6E /* Defaults.swift in Sources */,
				80D63D0B1C4F1DF600C88D00 /* String+NSData.swift in Sources */,
				80232C0A1BF2F1BD00818B6E /* UIView+GetConstraints.swift in Sources */,
				1C0438C41C751F2100069CE1 /* BasicVerticalGradientLayer.swift in Sources */,
				FFCA61B61C8A259100FD35A7 /* String+EmailValidation.swift in Sources */,
				80232C041BF2F1BD00818B6E /* Array+Utilities.swift in Sources */,
				80232C031BF2F1BD00818B6E /* Geometry.swift in Sources */,
				802C4BBD1C1B6FF300C69D80 /* TimeoutOperation.swift in Sources */,
				80232C061BF2F1BD00818B6E /* Set+Utilities.swift in Sources */,
				8002059E1BF683E0005852C9 /* Result.swift in Sources */,
				800205A21BF684C7005852C9 /* NSDate+Comparable.swift in Sources */,
				80D63D2F1C4F251E00C88D00 /* UnsignedInteger+Extensions.swift in Sources */,
				80232C0F1BF2FB3800818B6E /* ViewController.swift in Sources */,
				80232C001BF2F1BD00818B6E /* ColorDescriptor.swift in Sources */,
				FFCA61B01C8A1F1B00FD35A7 /* String+Empty.swift in Sources */,
				800205A91BF82E5F005852C9 /* SoundFile.swift in Sources */,
			);
			runOnlyForDeploymentPostprocessing = 0;
		};
		80232BAF1BF2EE2E00818B6E /* Sources */ = {
			isa = PBXSourcesBuildPhase;
			buildActionMask = 2147483647;
			files = (
				80D63D191C4F1F3E00C88D00 /* NSDataTrimTests.swift in Sources */,
				80D63D171C4F1F3E00C88D00 /* NSDataChunksTests.swift in Sources */,
				805807EE1C5D8D9000F9AFB1 /* IntegerTypeTests.swift in Sources */,
				1CE3D06B1C6E635F00FB676C /* MathableTests.swift in Sources */,
				805807EC1C5D8B3C00F9AFB1 /* VersionTests.swift in Sources */,
				1C466C8F1C6E7A4500A709E8 /* CollectionTypeTests.swift in Sources */,
				80D63D161C4F1F3E00C88D00 /* NSDataSubdataTests.swift in Sources */,
				80D63D221C4F22B800C88D00 /* BitMaskTests.swift in Sources */,
				80D63D181C4F1F3E00C88D00 /* NSDataSegmentGeneratorTests.swift in Sources */,
				80D63D151C4F1F3E00C88D00 /* NSDataConversionTests.swift in Sources */,
				FFCA61B41C8A1F7C00FD35A7 /* StringTests.swift in Sources */,
				805807EA1C5D89C600F9AFB1 /* ColorDescriptorTests.swift in Sources */,
				80232BB81BF2EE2E00818B6E /* SwiftWisdomTests.swift in Sources */,
				80D63D1A1C4F1F3E00C88D00 /* NSMutableDataAppendTests.swift in Sources */,
			);
			runOnlyForDeploymentPostprocessing = 0;
		};
/* End PBXSourcesBuildPhase section */

/* Begin PBXTargetDependency section */
		80232BB51BF2EE2E00818B6E /* PBXTargetDependency */ = {
			isa = PBXTargetDependency;
			target = 80232B9E1BF2EE2E00818B6E /* SwiftWisdom */;
			targetProxy = 80232BB41BF2EE2E00818B6E /* PBXContainerItemProxy */;
		};
/* End PBXTargetDependency section */

/* Begin PBXVariantGroup section */
		80232BA61BF2EE2E00818B6E /* Main.storyboard */ = {
			isa = PBXVariantGroup;
			children = (
				80232BA71BF2EE2E00818B6E /* Base */,
			);
			name = Main.storyboard;
			sourceTree = "<group>";
		};
		80232BAB1BF2EE2E00818B6E /* LaunchScreen.storyboard */ = {
			isa = PBXVariantGroup;
			children = (
				80232BAC1BF2EE2E00818B6E /* Base */,
			);
			name = LaunchScreen.storyboard;
			sourceTree = "<group>";
		};
/* End PBXVariantGroup section */

/* Begin XCBuildConfiguration section */
		80232BC51BF2EE2E00818B6E /* Debug */ = {
			isa = XCBuildConfiguration;
			buildSettings = {
				ALWAYS_SEARCH_USER_PATHS = NO;
				CLANG_CXX_LANGUAGE_STANDARD = "gnu++0x";
				CLANG_CXX_LIBRARY = "libc++";
				CLANG_ENABLE_MODULES = YES;
				CLANG_ENABLE_OBJC_ARC = YES;
				CLANG_WARN_BOOL_CONVERSION = YES;
				CLANG_WARN_CONSTANT_CONVERSION = YES;
				CLANG_WARN_DIRECT_OBJC_ISA_USAGE = YES_ERROR;
				CLANG_WARN_EMPTY_BODY = YES;
				CLANG_WARN_ENUM_CONVERSION = YES;
				CLANG_WARN_INT_CONVERSION = YES;
				CLANG_WARN_OBJC_ROOT_CLASS = YES_ERROR;
				CLANG_WARN_UNREACHABLE_CODE = YES;
				CLANG_WARN__DUPLICATE_METHOD_MATCH = YES;
				"CODE_SIGN_IDENTITY[sdk=iphoneos*]" = "iPhone Developer";
				COPY_PHASE_STRIP = NO;
				DEBUG_INFORMATION_FORMAT = dwarf;
				ENABLE_STRICT_OBJC_MSGSEND = YES;
				ENABLE_TESTABILITY = YES;
				GCC_C_LANGUAGE_STANDARD = gnu99;
				GCC_DYNAMIC_NO_PIC = NO;
				GCC_NO_COMMON_BLOCKS = YES;
				GCC_OPTIMIZATION_LEVEL = 0;
				GCC_PREPROCESSOR_DEFINITIONS = (
					"DEBUG=1",
					"$(inherited)",
				);
				GCC_WARN_64_TO_32_BIT_CONVERSION = YES;
				GCC_WARN_ABOUT_RETURN_TYPE = YES_ERROR;
				GCC_WARN_UNDECLARED_SELECTOR = YES;
				GCC_WARN_UNINITIALIZED_AUTOS = YES_AGGRESSIVE;
				GCC_WARN_UNUSED_FUNCTION = YES;
				GCC_WARN_UNUSED_VARIABLE = YES;
				IPHONEOS_DEPLOYMENT_TARGET = 9.1;
				MTL_ENABLE_DEBUG_INFO = YES;
				ONLY_ACTIVE_ARCH = YES;
				SDKROOT = iphoneos;
				SWIFT_OPTIMIZATION_LEVEL = "-Onone";
			};
			name = Debug;
		};
		80232BC61BF2EE2E00818B6E /* Release */ = {
			isa = XCBuildConfiguration;
			buildSettings = {
				ALWAYS_SEARCH_USER_PATHS = NO;
				CLANG_CXX_LANGUAGE_STANDARD = "gnu++0x";
				CLANG_CXX_LIBRARY = "libc++";
				CLANG_ENABLE_MODULES = YES;
				CLANG_ENABLE_OBJC_ARC = YES;
				CLANG_WARN_BOOL_CONVERSION = YES;
				CLANG_WARN_CONSTANT_CONVERSION = YES;
				CLANG_WARN_DIRECT_OBJC_ISA_USAGE = YES_ERROR;
				CLANG_WARN_EMPTY_BODY = YES;
				CLANG_WARN_ENUM_CONVERSION = YES;
				CLANG_WARN_INT_CONVERSION = YES;
				CLANG_WARN_OBJC_ROOT_CLASS = YES_ERROR;
				CLANG_WARN_UNREACHABLE_CODE = YES;
				CLANG_WARN__DUPLICATE_METHOD_MATCH = YES;
				"CODE_SIGN_IDENTITY[sdk=iphoneos*]" = "iPhone Developer";
				COPY_PHASE_STRIP = NO;
				DEBUG_INFORMATION_FORMAT = "dwarf-with-dsym";
				ENABLE_NS_ASSERTIONS = NO;
				ENABLE_STRICT_OBJC_MSGSEND = YES;
				GCC_C_LANGUAGE_STANDARD = gnu99;
				GCC_NO_COMMON_BLOCKS = YES;
				GCC_WARN_64_TO_32_BIT_CONVERSION = YES;
				GCC_WARN_ABOUT_RETURN_TYPE = YES_ERROR;
				GCC_WARN_UNDECLARED_SELECTOR = YES;
				GCC_WARN_UNINITIALIZED_AUTOS = YES_AGGRESSIVE;
				GCC_WARN_UNUSED_FUNCTION = YES;
				GCC_WARN_UNUSED_VARIABLE = YES;
				IPHONEOS_DEPLOYMENT_TARGET = 9.1;
				MTL_ENABLE_DEBUG_INFO = NO;
				SDKROOT = iphoneos;
				VALIDATE_PRODUCT = YES;
			};
			name = Release;
		};
		80232BC81BF2EE2E00818B6E /* Debug */ = {
			isa = XCBuildConfiguration;
			baseConfigurationReference = 045F527FB87F6D21BDFC36F3 /* Pods.debug.xcconfig */;
			buildSettings = {
				ASSETCATALOG_COMPILER_APPICON_NAME = AppIcon;
				INFOPLIST_FILE = SwiftWisdom/Info.plist;
				IPHONEOS_DEPLOYMENT_TARGET = 8.0;
				LD_RUNPATH_SEARCH_PATHS = "$(inherited) @executable_path/Frameworks";
				OTHER_SWIFT_FLAGS = "-D DEVELOPMENT";
				PRODUCT_BUNDLE_IDENTIFIER = io.intrepid.SwiftWisdom;
				PRODUCT_NAME = "$(TARGET_NAME)";
			};
			name = Debug;
		};
		80232BC91BF2EE2E00818B6E /* Release */ = {
			isa = XCBuildConfiguration;
			baseConfigurationReference = BBCCF1C7EA1A88308F10B504 /* Pods.release.xcconfig */;
			buildSettings = {
				ASSETCATALOG_COMPILER_APPICON_NAME = AppIcon;
				INFOPLIST_FILE = SwiftWisdom/Info.plist;
				IPHONEOS_DEPLOYMENT_TARGET = 8.0;
				LD_RUNPATH_SEARCH_PATHS = "$(inherited) @executable_path/Frameworks";
				OTHER_SWIFT_FLAGS = "-D DEVELOPMENT";
				PRODUCT_BUNDLE_IDENTIFIER = io.intrepid.SwiftWisdom;
				PRODUCT_NAME = "$(TARGET_NAME)";
			};
			name = Release;
		};
		80232BCB1BF2EE2E00818B6E /* Debug */ = {
			isa = XCBuildConfiguration;
			buildSettings = {
				BUNDLE_LOADER = "$(TEST_HOST)";
				INFOPLIST_FILE = SwiftWisdomTests/Info.plist;
				LD_RUNPATH_SEARCH_PATHS = "$(inherited) @executable_path/Frameworks @loader_path/Frameworks";
				PRODUCT_BUNDLE_IDENTIFIER = io.intrepid.SwiftWisdomTests;
				PRODUCT_NAME = "$(TARGET_NAME)";
				TEST_HOST = "$(BUILT_PRODUCTS_DIR)/SwiftWisdom.app/SwiftWisdom";
			};
			name = Debug;
		};
		80232BCC1BF2EE2E00818B6E /* Release */ = {
			isa = XCBuildConfiguration;
			buildSettings = {
				BUNDLE_LOADER = "$(TEST_HOST)";
				INFOPLIST_FILE = SwiftWisdomTests/Info.plist;
				LD_RUNPATH_SEARCH_PATHS = "$(inherited) @executable_path/Frameworks @loader_path/Frameworks";
				PRODUCT_BUNDLE_IDENTIFIER = io.intrepid.SwiftWisdomTests;
				PRODUCT_NAME = "$(TARGET_NAME)";
				TEST_HOST = "$(BUILT_PRODUCTS_DIR)/SwiftWisdom.app/SwiftWisdom";
			};
			name = Release;
		};
/* End XCBuildConfiguration section */

/* Begin XCConfigurationList section */
		80232B9A1BF2EE2E00818B6E /* Build configuration list for PBXProject "SwiftWisdom" */ = {
			isa = XCConfigurationList;
			buildConfigurations = (
				80232BC51BF2EE2E00818B6E /* Debug */,
				80232BC61BF2EE2E00818B6E /* Release */,
			);
			defaultConfigurationIsVisible = 0;
			defaultConfigurationName = Release;
		};
		80232BC71BF2EE2E00818B6E /* Build configuration list for PBXNativeTarget "SwiftWisdom" */ = {
			isa = XCConfigurationList;
			buildConfigurations = (
				80232BC81BF2EE2E00818B6E /* Debug */,
				80232BC91BF2EE2E00818B6E /* Release */,
			);
			defaultConfigurationIsVisible = 0;
			defaultConfigurationName = Release;
		};
		80232BCA1BF2EE2E00818B6E /* Build configuration list for PBXNativeTarget "SwiftWisdomTests" */ = {
			isa = XCConfigurationList;
			buildConfigurations = (
				80232BCB1BF2EE2E00818B6E /* Debug */,
				80232BCC1BF2EE2E00818B6E /* Release */,
			);
			defaultConfigurationIsVisible = 0;
			defaultConfigurationName = Release;
		};
/* End XCConfigurationList section */
	};
	rootObject = 80232B971BF2EE2E00818B6E /* Project object */;
}
