PODS:
  - IntrepidSwiftWisdom (0.0.7):
    - IntrepidSwiftWisdom/Core (= 0.0.7)
  - IntrepidSwiftWisdom/Core (0.0.7)
  - IntrepidSwiftWisdomTesting (0.0.6)

DEPENDENCIES:
  - IntrepidSwiftWisdom (from `..`)
  - IntrepidSwiftWisdomTesting (from `..`)

EXTERNAL SOURCES:
  IntrepidSwiftWisdom:
    :path: ..
  IntrepidSwiftWisdomTesting:
    :path: ..

SPEC CHECKSUMS:
  IntrepidSwiftWisdom: 1c7c8f812e45f212c7d4b16cca3549f33b72d89f
  IntrepidSwiftWisdomTesting: dfa982510eeb6d462802d9d72363a6b605c5082f

COCOAPODS: 0.39.0
