PODS:
  - IntrepidSwiftWisdom (0.0.7):
    - IntrepidSwiftWisdom/Core (= 0.0.7)
  - IntrepidSwiftWisdom/Core (0.0.7)
  - IntrepidSwiftWisdomTesting (0.0.7)

DEPENDENCIES:
  - IntrepidSwiftWisdom (from `..`)
  - IntrepidSwiftWisdomTesting (from `..`)

EXTERNAL SOURCES:
  IntrepidSwiftWisdom:
    :path: ..
  IntrepidSwiftWisdomTesting:
    :path: ..

SPEC CHECKSUMS:
  IntrepidSwiftWisdom: c99439bb2543f361603099da790dae679cd44931
  IntrepidSwiftWisdomTesting: d6dca2420d7018b44a2b3c619114cac097897007

COCOAPODS: 0.39.0
